{
    "_readme": [
        "This file locks the dependencies of your project to a known state",
        "Read more about it at https://getcomposer.org/doc/01-basic-usage.md#installing-dependencies",
        "This file is @generated automatically"
    ],
    "content-hash": "114ed6a4c435cb7ffbb7033be350dd24",
    "packages": [
        {
            "name": "acide/core",
            "version": "dev-master",
            "source": {
                "type": "git",
                "url": "https://github.com/morteza-jamali/acide-core.git",
                "reference": "f6da892ae38c071cb22b2e74bf4d10c5394497cf"
            },
            "dist": {
                "type": "zip",
                "url": "https://api.github.com/repos/morteza-jamali/acide-core/zipball/f6da892ae38c071cb22b2e74bf4d10c5394497cf",
                "reference": "f6da892ae38c071cb22b2e74bf4d10c5394497cf",
                "shasum": ""
            },
            "require": {
                "php": ">=7.0.0"
            },
            "type": "library",
            "autoload": {
                "psr-4": {
                    "ACIDECore\\": ""
                }
            },
            "notification-url": "https://packagist.org/downloads/",
            "authors": [
                {
                    "name": "Morteza Jamali",
                    "email": "mortezajamali4241@gmail.com",
                    "homepage": "https://abricoder.com",
                    "role": "Developer"
                }
            ],
            "description": "This is ACIDE project core library",
            "homepage": "https://github.com/morteza-jamali/acide-core",
            "keywords": [
                "acide",
                "core"
            ],
            "time": "2020-03-16T14:05:01+00:00"
        },
        {
            "name": "hassankhan/config",
            "version": "v2.1.0",
            "source": {
                "type": "git",
                "url": "https://github.com/hassankhan/config.git",
                "reference": "16fa4d3320ac9bb611dda0c8ea980edb58d227c9"
            },
            "dist": {
                "type": "zip",
                "url": "https://api.github.com/repos/hassankhan/config/zipball/16fa4d3320ac9bb611dda0c8ea980edb58d227c9",
                "reference": "16fa4d3320ac9bb611dda0c8ea980edb58d227c9",
                "shasum": ""
            },
            "require": {
                "php": ">=5.5.9"
            },
            "require-dev": {
                "phpunit/phpunit": "~4.8 || ~5.7 || ~6.5 || ~7.5",
                "scrutinizer/ocular": "~1.1",
                "squizlabs/php_codesniffer": "~2.2",
                "symfony/yaml": "~3.4"
            },
            "suggest": {
                "symfony/yaml": "~3.4"
            },
            "type": "library",
            "autoload": {
                "psr-4": {
                    "Noodlehaus\\": "src"
                }
            },
            "notification-url": "https://packagist.org/downloads/",
            "license": [
                "MIT"
            ],
            "authors": [
                {
                    "name": "Hassan Khan",
                    "homepage": "http://hassankhan.me/",
                    "role": "Developer"
                }
            ],
            "description": "Lightweight configuration file loader that supports PHP, INI, XML, JSON, and YAML files",
            "homepage": "http://hassankhan.me/config/",
            "keywords": [
                "config",
                "configuration",
                "ini",
                "json",
                "microphp",
                "unframework",
                "xml",
                "yaml",
                "yml"
            ],
            "time": "2019-09-01T15:51:42+00:00"
        },
        {
            "name": "josantonius/file",
            "version": "1.1.7",
            "source": {
                "type": "git",
                "url": "https://github.com/Josantonius/PHP-File.git",
                "reference": "32ebebe5f58a7c5cd3eb56c42becd08aa61a6cd5"
            },
            "dist": {
                "type": "zip",
                "url": "https://api.github.com/repos/Josantonius/PHP-File/zipball/32ebebe5f58a7c5cd3eb56c42becd08aa61a6cd5",
                "reference": "32ebebe5f58a7c5cd3eb56c42becd08aa61a6cd5",
                "shasum": ""
            },
            "require": {
                "php": "^5.6 || ^7.0"
            },
            "require-dev": {
                "friendsofphp/php-cs-fixer": "^2.3 || ^2.8",
                "phpmd/phpmd": "^2.6",
                "phpunit/phpunit": "^5.7 || ^6.0",
                "squizlabs/php_codesniffer": "^3.0"
            },
            "type": "library",
            "extra": {
                "branch-alias": {
                    "dev-master": "1.0-dev"
                }
            },
            "autoload": {
                "psr-4": {
                    "Josantonius\\File\\": "src/"
                }
            },
            "notification-url": "https://packagist.org/downloads/",
            "license": [
                "MIT"
            ],
            "authors": [
                {
                    "name": "Josantonius",
                    "email": "hello@josantonius.com",
                    "homepage": "https://josantonius.com",
                    "role": "Developer"
                }
            ],
            "description": "PHP library for file management.",
            "keywords": [
                "File handler",
                "Search words in file",
                "file",
                "hhvm",
                "php",
                "strings"
            ],
            "time": "2018-01-06T10:00:15+00:00"
        },
        {
            "name": "league/url",
            "version": "3.3.5",
            "source": {
                "type": "git",
                "url": "https://github.com/thephpleague/url.git",
                "reference": "1ae2c3ce29a7c5438339ff6388225844e6479da8"
            },
            "dist": {
                "type": "zip",
                "url": "https://api.github.com/repos/thephpleague/url/zipball/1ae2c3ce29a7c5438339ff6388225844e6479da8",
                "reference": "1ae2c3ce29a7c5438339ff6388225844e6479da8",
                "shasum": ""
            },
            "require": {
                "ext-mbstring": "*",
                "php": ">=5.3.0",
                "true/punycode": "^2.0"
            },
            "require-dev": {
                "phpunit/phpunit": "^4.0"
            },
            "type": "library",
            "extra": {
                "branch-alias": {
                    "dev-master": "3.3-dev"
                }
            },
            "autoload": {
                "psr-4": {
                    "League\\Url\\": "src"
                }
            },
            "notification-url": "https://packagist.org/downloads/",
            "license": [
                "MIT"
            ],
            "authors": [
                {
                    "name": "Ignace Nyamagana Butera",
                    "email": "nyamsprod@gmail.com",
                    "homepage": "https://github.com/nyamsprod/",
                    "role": "Developer"
                }
            ],
            "description": "League/url is a lightweight PHP Url manipulating library",
            "homepage": "http://url.thephpleague.com",
            "keywords": [
                "parse_url",
                "php",
                "url"
            ],
            "abandoned": "league/uri",
            "time": "2015-07-15T08:24:12+00:00"
        },
        {
            "name": "phug/phug",
            "version": "1.6.0",
            "source": {
                "type": "git",
                "url": "https://github.com/phug-php/phug.git",
                "reference": "3ffce1f66a48a7a903dc39793e22b14366d701f5"
            },
            "dist": {
                "type": "zip",
                "url": "https://api.github.com/repos/phug-php/phug/zipball/3ffce1f66a48a7a903dc39793e22b14366d701f5",
                "reference": "3ffce1f66a48a7a903dc39793e22b14366d701f5",
                "shasum": ""
            },
            "require": {
                "php": ">=5.5.0",
                "symfony/var-dumper": "^3.4 || ^4.0 || ^5.0"
            },
            "replace": {
                "phug/ast": "self.version",
                "phug/compiler": "self.version",
                "phug/dependency-injection": "self.version",
                "phug/event": "self.version",
                "phug/facade": "self.version",
                "phug/formatter": "self.version",
                "phug/invoker": "self.version",
                "phug/lexer": "self.version",
                "phug/parser": "self.version",
                "phug/reader": "self.version",
                "phug/renderer": "self.version",
                "phug/util": "self.version"
            },
            "require-dev": {
                "cebe/markdown": "^1.1",
                "js-phpize/js-phpize-phug": "^1.2 || ^2.2",
                "kylekatarnls/multi-tester": "^1.4",
                "nodejs-php-fallback/coffeescript": "^1.0",
                "nodejs-php-fallback/less": "^1.0",
                "nodejs-php-fallback/stylus": "^1.0",
                "nodejs-php-fallback/uglify": "^1.0",
                "phpunit/php-code-coverage": "^2.2 || ^4.0 || ^5.2 || ^6.0 || ^7.0",
                "phpunit/phpunit": "^4.8.35 || ^5.7 || ^6.0 || ^7.0",
                "pug-php/pug-filter-coffee-script": "^1.2",
                "squizlabs/php_codesniffer": "~3.4.2"
            },
            "bin": [
                "phug"
            ],
            "type": "library",
            "extra": {
                "branch-alias": {
                    "dev-master": "1.x-dev",
                    "dev-facade": "0.4.x-dev"
                }
            },
            "autoload": {
                "psr-0": {
                    "": "./src/Phug/Phug/"
                },
                "psr-4": {
                    "Phug\\": [
                        "./src/Phug/Ast/",
                        "./src/Phug/Compiler/",
                        "./src/Phug/DependencyInjection/",
                        "./src/Phug/Event/",
                        "./src/Phug/Formatter/",
                        "./src/Phug/Invoker/",
                        "./src/Phug/Lexer/",
                        "./src/Phug/Parser/",
                        "./src/Phug/Reader/",
                        "./src/Phug/Renderer/",
                        "./src/Phug/Util/"
                    ]
                }
            },
            "notification-url": "https://packagist.org/downloads/",
            "license": [
                "MIT"
            ],
            "authors": [
                {
                    "name": "KyleKatarn",
                    "email": "jade-php@selfbuild.fr",
                    "homepage": "http://github.com/kylekatarnls"
                }
            ],
            "description": "Pug (ex-Jade) facade engine for PHP, HTML template engine structured by indentation",
            "homepage": "http://phug-lang.com",
            "keywords": [
                "compiler",
                "dialect",
                "html",
                "jade",
                "php",
                "phtml",
                "phug",
                "presentation",
                "pug",
                "render",
                "template",
                "views"
            ],
            "time": "2020-02-03T22:33:28+00:00"
        },
        {
            "name": "symfony/polyfill-mbstring",
            "version": "v1.14.0",
            "source": {
                "type": "git",
                "url": "https://github.com/symfony/polyfill-mbstring.git",
                "reference": "34094cfa9abe1f0f14f48f490772db7a775559f2"
            },
            "dist": {
                "type": "zip",
                "url": "https://api.github.com/repos/symfony/polyfill-mbstring/zipball/34094cfa9abe1f0f14f48f490772db7a775559f2",
                "reference": "34094cfa9abe1f0f14f48f490772db7a775559f2",
                "shasum": ""
            },
            "require": {
                "php": ">=5.3.3"
            },
            "suggest": {
                "ext-mbstring": "For best performance"
            },
            "type": "library",
            "extra": {
                "branch-alias": {
                    "dev-master": "1.14-dev"
                }
            },
            "autoload": {
                "psr-4": {
                    "Symfony\\Polyfill\\Mbstring\\": ""
                },
                "files": [
                    "bootstrap.php"
                ]
            },
            "notification-url": "https://packagist.org/downloads/",
            "license": [
                "MIT"
            ],
            "authors": [
                {
                    "name": "Nicolas Grekas",
                    "email": "p@tchwork.com"
                },
                {
                    "name": "Symfony Community",
                    "homepage": "https://symfony.com/contributors"
                }
            ],
            "description": "Symfony polyfill for the Mbstring extension",
            "homepage": "https://symfony.com",
            "keywords": [
                "compatibility",
                "mbstring",
                "polyfill",
                "portable",
                "shim"
            ],
            "time": "2020-01-13T11:15:53+00:00"
        },
        {
            "name": "symfony/var-dumper",
            "version": "v5.0.5",
            "source": {
                "type": "git",
                "url": "https://github.com/symfony/var-dumper.git",
                "reference": "3a37aeb1132d1035536d3d6aa9cb06c2ff9355e9"
            },
            "dist": {
                "type": "zip",
                "url": "https://api.github.com/repos/symfony/var-dumper/zipball/3a37aeb1132d1035536d3d6aa9cb06c2ff9355e9",
                "reference": "3a37aeb1132d1035536d3d6aa9cb06c2ff9355e9",
                "shasum": ""
            },
            "require": {
                "php": "^7.2.5",
                "symfony/polyfill-mbstring": "~1.0"
            },
            "conflict": {
                "phpunit/phpunit": "<5.4.3",
                "symfony/console": "<4.4"
            },
            "require-dev": {
                "ext-iconv": "*",
                "symfony/console": "^4.4|^5.0",
                "symfony/process": "^4.4|^5.0",
                "twig/twig": "^2.4|^3.0"
            },
            "suggest": {
                "ext-iconv": "To convert non-UTF-8 strings to UTF-8 (or symfony/polyfill-iconv in case ext-iconv cannot be used).",
                "ext-intl": "To show region name in time zone dump",
                "symfony/console": "To use the ServerDumpCommand and/or the bin/var-dump-server script"
            },
            "bin": [
                "Resources/bin/var-dump-server"
            ],
            "type": "library",
            "extra": {
                "branch-alias": {
                    "dev-master": "5.0-dev"
                }
            },
            "autoload": {
                "files": [
                    "Resources/functions/dump.php"
                ],
                "psr-4": {
                    "Symfony\\Component\\VarDumper\\": ""
                },
                "exclude-from-classmap": [
                    "/Tests/"
                ]
            },
            "notification-url": "https://packagist.org/downloads/",
            "license": [
                "MIT"
            ],
            "authors": [
                {
                    "name": "Nicolas Grekas",
                    "email": "p@tchwork.com"
                },
                {
                    "name": "Symfony Community",
                    "homepage": "https://symfony.com/contributors"
                }
            ],
            "description": "Symfony mechanism for exploring and dumping PHP variables",
            "homepage": "https://symfony.com",
            "keywords": [
                "debug",
                "dump"
            ],
            "time": "2020-02-26T22:30:10+00:00"
        },
        {
            "name": "true/punycode",
            "version": "v2.1.1",
            "source": {
                "type": "git",
                "url": "https://github.com/true/php-punycode.git",
                "reference": "a4d0c11a36dd7f4e7cd7096076cab6d3378a071e"
            },
            "dist": {
                "type": "zip",
                "url": "https://api.github.com/repos/true/php-punycode/zipball/a4d0c11a36dd7f4e7cd7096076cab6d3378a071e",
                "reference": "a4d0c11a36dd7f4e7cd7096076cab6d3378a071e",
                "shasum": ""
            },
            "require": {
                "php": ">=5.3.0",
                "symfony/polyfill-mbstring": "^1.3"
            },
            "require-dev": {
                "phpunit/phpunit": "~4.7",
                "squizlabs/php_codesniffer": "~2.0"
            },
            "type": "library",
            "autoload": {
                "psr-4": {
                    "TrueBV\\": "src/"
                }
            },
            "notification-url": "https://packagist.org/downloads/",
            "license": [
                "MIT"
            ],
            "authors": [
                {
                    "name": "Renan Gonçalves",
                    "email": "renan.saddam@gmail.com"
                }
            ],
            "description": "A Bootstring encoding of Unicode for Internationalized Domain Names in Applications (IDNA)",
            "homepage": "https://github.com/true/php-punycode",
            "keywords": [
                "idna",
                "punycode"
            ],
            "time": "2016-11-16T10:37:54+00:00"
        }
    ],
    "packages-dev": [],
    "aliases": [],
    "minimum-stability": "dev",
    "stability-flags": [],
    "prefer-stable": true,
    "prefer-lowest": false,
    "platform": [],
    "platform-dev": []
}
