{
    "_readme": [
        "This file locks the dependencies of your project to a known state",
        "Read more about it at https://getcomposer.org/doc/01-basic-usage.md#installing-dependencies",
        "This file is @generated automatically"
    ],
    "content-hash": "42a4e9b98f499677c4b9f41b067e908b",
    "packages": [
        {
            "name": "acide/core",
            "version": "dev-master",
            "source": {
                "type": "git",
                "url": "https://github.com/morteza-jamali/acide-core.git",
                "reference": "64a140a8ccaa303214ddb91a5d8dac45f62215ff"
            },
            "dist": {
                "type": "zip",
                "url": "https://api.github.com/repos/morteza-jamali/acide-core/zipball/64a140a8ccaa303214ddb91a5d8dac45f62215ff",
                "reference": "64a140a8ccaa303214ddb91a5d8dac45f62215ff",
                "shasum": ""
            },
            "require": {
                "php": ">=7.0.0"
            },
            "type": "library",
            "autoload": {
                "psr-4": {
                    "AbriCoderCore\\": ""
                }
            },
            "notification-url": "https://packagist.org/downloads/",
            "authors": [
                {
                    "name": "Morteza Jamali",
                    "email": "mortezajamali4241@gmail.com",
                    "homepage": "https://abricoder.ir",
                    "role": "Developer"
                }
            ],
            "description": "This is Acide project core library",
            "homepage": "https://gitlab.com/mrtzaj/abricoder-core",
            "keywords": [
                "abricoder"
            ],
            "time": "2020-03-16T12:04:43+00:00"
        },
        {
            "name": "josantonius/file",
            "version": "1.1.7",
            "source": {
                "type": "git",
                "url": "https://github.com/Josantonius/PHP-File.git",
                "reference": "32ebebe5f58a7c5cd3eb56c42becd08aa61a6cd5"
            },
            "dist": {
                "type": "zip",
                "url": "https://api.github.com/repos/Josantonius/PHP-File/zipball/32ebebe5f58a7c5cd3eb56c42becd08aa61a6cd5",
                "reference": "32ebebe5f58a7c5cd3eb56c42becd08aa61a6cd5",
                "shasum": ""
            },
            "require": {
                "php": "^5.6 || ^7.0"
            },
            "require-dev": {
                "friendsofphp/php-cs-fixer": "^2.3 || ^2.8",
                "phpmd/phpmd": "^2.6",
                "phpunit/phpunit": "^5.7 || ^6.0",
                "squizlabs/php_codesniffer": "^3.0"
            },
            "type": "library",
            "extra": {
                "branch-alias": {
                    "dev-master": "1.0-dev"
                }
            },
            "autoload": {
                "psr-4": {
                    "Josantonius\\File\\": "src/"
                }
            },
            "notification-url": "https://packagist.org/downloads/",
            "license": [
                "MIT"
            ],
            "authors": [
                {
                    "name": "Josantonius",
                    "email": "hello@josantonius.com",
                    "homepage": "https://josantonius.com",
                    "role": "Developer"
                }
            ],
            "description": "PHP library for file management.",
            "keywords": [
                "File handler",
                "Search words in file",
                "file",
                "hhvm",
                "php",
                "strings"
            ],
            "time": "2018-01-06T10:00:15+00:00"
        }
    ],
    "packages-dev": [],
    "aliases": [],
    "minimum-stability": "dev",
    "stability-flags": [],
    "prefer-stable": true,
    "prefer-lowest": false,
    "platform": [],
    "platform-dev": []
}
